
Microsoft Visual Studio Solution File, Format Version 10.00
# Visual Studio 2008
Project("{8BC9CEB8-8B4A-11D0-8D11-00A0C91BC942}") = "DPQAlib", "DPQAlib\DPQAlib.vcproj", "{B54E00BB-66F6-47E9-A67D-369F8DF7A278}"
EndProject
Project("{8BC9CEB8-8B4A-11D0-8D11-00A0C91BC942}") = "DPQA_Compare", "DPQA_Compare\DPQA_Compare.vcproj", "{89C02527-1F1C-4AE7-AA08-56CC29C282AE}"
EndProject
Project("{8BC9CEB8-8B4A-11D0-8D11-00A0C91BC942}") = "DPQA_ExtractFeatures", "DPQA_ExtractFeatures\DPQA_ExtractFeatures.vcproj", "{0416B086-51A9-4621-BB52-DA9BD92EDE42}"
EndProject
Project("{2150E333-8FDC-42A3-9474-1A3956D46DE8}") = "Solution Items", "Solution Items", "{3A67AADE-E5EF-4A17-8DB7-9D0843C7E4B0}"
EndProject
Project("{2150E333-8FDC-42A3-9474-1A3956D46DE8}") = "docs", "docs", "{2451E098-DCE3-4AF5-A513-D99555CE98D0}"
	ProjectSection(SolutionItems) = preProject
		INSTAL.txt = INSTAL.txt
		README.txt = README.txt
	EndProjectSection
EndProject
Project("{2150E333-8FDC-42A3-9474-1A3956D46DE8}") = "tests", "tests", "{1C9B1143-1C4E-4BC1-A245-890B3FB17F5F}"
	ProjectSection(SolutionItems) = preProject
		Testcases.cmd = Testcases.cmd
		Testsuite 1 - Trivial extractfeatures Tests.cmd = Testsuite 1 - Trivial extractfeatures Tests.cmd
		Testsuite 2 - Trivial compare Tests.cmd = Testsuite 2 - Trivial compare Tests.cmd
		Testsuite 3 - Level 1 extractfeatures Tests.cmd = Testsuite 3 - Level 1 extractfeatures Tests.cmd
		Testsuite 4 - Level 1 compare Tests.cmd = Testsuite 4 - Level 1 compare Tests.cmd
		Testsuite 5 - Level 2 - ImageHistograms - extractfeatures Tests.cmd = Testsuite 5 - Level 2 - ImageHistograms - extractfeatures Tests.cmd
		Testsuite 6 - Level 2 - ImageHistograms - compare Tests.cmd = Testsuite 6 - Level 2 - ImageHistograms - compare Tests.cmd
		Testsuite 7 - Level 2 - ImageProfiles - extractfeatures Tests.cmd = Testsuite 7 - Level 2 - ImageProfiles - extractfeatures Tests.cmd
		Testsuite 8 - Level 2 - ImageProfiles - compare Tests.cmd = Testsuite 8 - Level 2 - ImageProfiles - compare Tests.cmd
	EndProjectSection
EndProject
Project("{8BC9CEB8-8B4A-11D0-8D11-00A0C91BC942}") = "DPQA_Train", "DPQA_Train\DPQA_Train.vcproj", "{BF091ECD-9BCB-4F73-A7DC-670CD1B5611D}"
EndProject
Global
	GlobalSection(TeamFoundationVersionControl) = preSolution
		SccNumberOfProjects = 5
		SccEnterpriseProvider = {4CA58AB2-18FA-4F8D-95D4-32DDF27D184C}
		SccTeamFoundationServer = http://s3ms16.d03.arc.local:8080/
		SccLocalPath0 = .
		SccProjectUniqueName1 = DPQAlib\\DPQAlib.vcproj
		SccProjectName1 = DPQAlib
		SccLocalPath1 = DPQAlib
		SccProjectUniqueName2 = DPQA_Compare\\DPQA_Compare.vcproj
		SccProjectName2 = DPQA_Compare
		SccLocalPath2 = DPQA_Compare
		SccProjectUniqueName3 = DPQA_ExtractFeatures\\DPQA_ExtractFeatures.vcproj
		SccProjectName3 = DPQA_ExtractFeatures
		SccLocalPath3 = DPQA_ExtractFeatures
		SccProjectUniqueName4 = DPQA_Train\\DPQA_Train.vcproj
		SccProjectName4 = DPQA_Train
		SccLocalPath4 = DPQA_Train
	EndGlobalSection
	GlobalSection(SolutionConfigurationPlatforms) = preSolution
		Debug|Win32 = Debug|Win32
		Release|Win32 = Release|Win32
	EndGlobalSection
	GlobalSection(ProjectConfigurationPlatforms) = postSolution
		{B54E00BB-66F6-47E9-A67D-369F8DF7A278}.Debug|Win32.ActiveCfg = Debug|Win32
		{B54E00BB-66F6-47E9-A67D-369F8DF7A278}.Debug|Win32.Build.0 = Debug|Win32
		{B54E00BB-66F6-47E9-A67D-369F8DF7A278}.Release|Win32.ActiveCfg = Release|Win32
		{B54E00BB-66F6-47E9-A67D-369F8DF7A278}.Release|Win32.Build.0 = Release|Win32
		{89C02527-1F1C-4AE7-AA08-56CC29C282AE}.Debug|Win32.ActiveCfg = Debug|Win32
		{89C02527-1F1C-4AE7-AA08-56CC29C282AE}.Debug|Win32.Build.0 = Debug|Win32
		{89C02527-1F1C-4AE7-AA08-56CC29C282AE}.Release|Win32.ActiveCfg = Release|Win32
		{89C02527-1F1C-4AE7-AA08-56CC29C282AE}.Release|Win32.Build.0 = Release|Win32
		{0416B086-51A9-4621-BB52-DA9BD92EDE42}.Debug|Win32.ActiveCfg = Debug|Win32
		{0416B086-51A9-4621-BB52-DA9BD92EDE42}.Debug|Win32.Build.0 = Debug|Win32
		{0416B086-51A9-4621-BB52-DA9BD92EDE42}.Release|Win32.ActiveCfg = Release|Win32
		{0416B086-51A9-4621-BB52-DA9BD92EDE42}.Release|Win32.Build.0 = Release|Win32
		{BF091ECD-9BCB-4F73-A7DC-670CD1B5611D}.Debug|Win32.ActiveCfg = Debug|Win32
		{BF091ECD-9BCB-4F73-A7DC-670CD1B5611D}.Debug|Win32.Build.0 = Debug|Win32
		{BF091ECD-9BCB-4F73-A7DC-670CD1B5611D}.Release|Win32.ActiveCfg = Release|Win32
		{BF091ECD-9BCB-4F73-A7DC-670CD1B5611D}.Release|Win32.Build.0 = Release|Win32
	EndGlobalSection
	GlobalSection(SolutionProperties) = preSolution
		HideSolutionNode = FALSE
	EndGlobalSection
	GlobalSection(NestedProjects) = preSolution
		{2451E098-DCE3-4AF5-A513-D99555CE98D0} = {3A67AADE-E5EF-4A17-8DB7-9D0843C7E4B0}
		{1C9B1143-1C4E-4BC1-A245-890B3FB17F5F} = {3A67AADE-E5EF-4A17-8DB7-9D0843C7E4B0}
	EndGlobalSection
EndGlobal
